
Microsoft Visual Studio Solution File, Format Version 12.00
# Visual Studio Version 16
VisualStudioVersion = 16.0.30907.101
MinimumVisualStudioVersion = 10.0.40219.1
Project("{FAE04EC0-301F-11D3-BF4B-00C04F79EFBC}") = "Entities", "Entities\Entities.csproj", "{A9AE484E-86F5-4ED8-AF14-3052F5494144}"
EndProject
Project("{FAE04EC0-301F-11D3-BF4B-00C04F79EFBC}") = "DataAccess", "DataAccess\DataAccess.csproj", "{5188BA35-E7A4-4CA1-B5F0-3C3DE518B63B}"
EndProject
Project("{FAE04EC0-301F-11D3-BF4B-00C04F79EFBC}") = "Business", "Business\Business.csproj", "{9F415C6C-B24C-4F90-9BE5-F03D5C60613D}"
EndProject
Project("{FAE04EC0-301F-11D3-BF4B-00C04F79EFBC}") = "ConsoleUI", "ConsoleUI\ConsoleUI.csproj", "{9E2E67F5-3E66-490C-9AAD-51FFE2D3F68F}"
EndProject
Global
	GlobalSection(SolutionConfigurationPlatforms) = preSolution
		Debug|Any CPU = Debug|Any CPU
		Release|Any CPU = Release|Any CPU
	EndGlobalSection
	GlobalSection(ProjectConfigurationPlatforms) = postSolution
		{A9AE484E-86F5-4ED8-AF14-3052F5494144}.Debug|Any CPU.ActiveCfg = Debug|Any CPU
		{A9AE484E-86F5-4ED8-AF14-3052F5494144}.Debug|Any CPU.Build.0 = Debug|Any CPU
		{A9AE484E-86F5-4ED8-AF14-3052F5494144}.Release|Any CPU.ActiveCfg = Release|Any CPU
		{A9AE484E-86F5-4ED8-AF14-3052F5494144}.Release|Any CPU.Build.0 = Release|Any CPU
		{5188BA35-E7A4-4CA1-B5F0-3C3DE518B63B}.Debug|Any CPU.ActiveCfg = Debug|Any CPU
		{5188BA35-E7A4-4CA1-B5F0-3C3DE518B63B}.Debug|Any CPU.Build.0 = Debug|Any CPU
		{5188BA35-E7A4-4CA1-B5F0-3C3DE518B63B}.Release|Any CPU.ActiveCfg = Release|Any CPU
		{5188BA35-E7A4-4CA1-B5F0-3C3DE518B63B}.Release|Any CPU.Build.0 = Release|Any CPU
		{9F415C6C-B24C-4F90-9BE5-F03D5C60613D}.Debug|Any CPU.ActiveCfg = Debug|Any CPU
		{9F415C6C-B24C-4F90-9BE5-F03D5C60613D}.Debug|Any CPU.Build.0 = Debug|Any CPU
		{9F415C6C-B24C-4F90-9BE5-F03D5C60613D}.Release|Any CPU.ActiveCfg = Release|Any CPU
		{9F415C6C-B24C-4F90-9BE5-F03D5C60613D}.Release|Any CPU.Build.0 = Release|Any CPU
		{9E2E67F5-3E66-490C-9AAD-51FFE2D3F68F}.Debug|Any CPU.ActiveCfg = Debug|Any CPU
		{9E2E67F5-3E66-490C-9AAD-51FFE2D3F68F}.Debug|Any CPU.Build.0 = Debug|Any CPU
		{9E2E67F5-3E66-490C-9AAD-51FFE2D3F68F}.Release|Any CPU.ActiveCfg = Release|Any CPU
		{9E2E67F5-3E66-490C-9AAD-51FFE2D3F68F}.Release|Any CPU.Build.0 = Release|Any CPU
	EndGlobalSection
	GlobalSection(SolutionProperties) = preSolution
		HideSolutionNode = FALSE
	EndGlobalSection
	GlobalSection(ExtensibilityGlobals) = postSolution
		SolutionGuid = {166E8404-1EF8-4B82-8058-D84B8568CBC6}
	EndGlobalSection
EndGlobal
